
Microsoft Visual Studio Solution File, Format Version 12.00
# Visual Studio 2013
VisualStudioVersion = 12.0.40629.0
MinimumVisualStudioVersion = 10.0.40219.1
Project("{FAE04EC0-301F-11D3-BF4B-00C04F79EFBC}") = "Mediator", "Mediator\Mediator.csproj", "{1D704063-CB17-4A43-89CD-944EC2C62247}"
EndProject
Project("{FAE04EC0-301F-11D3-BF4B-00C04F79EFBC}") = "Visitor", "Visitor\Visitor.csproj", "{FCFEC0B6-195F-4CFE-ABDA-7044F16EAFC2}"
EndProject
Project("{FAE04EC0-301F-11D3-BF4B-00C04F79EFBC}") = "Memento", "Memento\Memento.csproj", "{671AE040-AE5F-4F2D-BA57-DAD6CC556C88}"
EndProject
Global
	GlobalSection(SolutionConfigurationPlatforms) = preSolution
		Debug|Any CPU = Debug|Any CPU
		Release|Any CPU = Release|Any CPU
	EndGlobalSection
	GlobalSection(ProjectConfigurationPlatforms) = postSolution
		{1D704063-CB17-4A43-89CD-944EC2C62247}.Debug|Any CPU.ActiveCfg = Debug|Any CPU
		{1D704063-CB17-4A43-89CD-944EC2C62247}.Debug|Any CPU.Build.0 = Debug|Any CPU
		{1D704063-CB17-4A43-89CD-944EC2C62247}.Release|Any CPU.ActiveCfg = Release|Any CPU
		{1D704063-CB17-4A43-89CD-944EC2C62247}.Release|Any CPU.Build.0 = Release|Any CPU
		{FCFEC0B6-195F-4CFE-ABDA-7044F16EAFC2}.Debug|Any CPU.ActiveCfg = Debug|Any CPU
		{FCFEC0B6-195F-4CFE-ABDA-7044F16EAFC2}.Debug|Any CPU.Build.0 = Debug|Any CPU
		{FCFEC0B6-195F-4CFE-ABDA-7044F16EAFC2}.Release|Any CPU.ActiveCfg = Release|Any CPU
		{FCFEC0B6-195F-4CFE-ABDA-7044F16EAFC2}.Release|Any CPU.Build.0 = Release|Any CPU
		{671AE040-AE5F-4F2D-BA57-DAD6CC556C88}.Debug|Any CPU.ActiveCfg = Debug|Any CPU
		{671AE040-AE5F-4F2D-BA57-DAD6CC556C88}.Debug|Any CPU.Build.0 = Debug|Any CPU
		{671AE040-AE5F-4F2D-BA57-DAD6CC556C88}.Release|Any CPU.ActiveCfg = Release|Any CPU
		{671AE040-AE5F-4F2D-BA57-DAD6CC556C88}.Release|Any CPU.Build.0 = Release|Any CPU
	EndGlobalSection
	GlobalSection(SolutionProperties) = preSolution
		HideSolutionNode = FALSE
	EndGlobalSection
EndGlobal
