
Microsoft Visual Studio Solution File, Format Version 12.00
# Visual Studio 14
VisualStudioVersion = 14.0.23107.0
MinimumVisualStudioVersion = 10.0.40219.1
Project("{FAE04EC0-301F-11D3-BF4B-00C04F79EFBC}") = "XML-Overview", "XML-Overview\XML-Overview.csproj", "{0174172E-AB38-4141-9603-8672F276B2DE}"
EndProject
Global
	GlobalSection(SolutionConfigurationPlatforms) = preSolution
		Debug|Any CPU = Debug|Any CPU
		Release|Any CPU = Release|Any CPU
	EndGlobalSection
	GlobalSection(ProjectConfigurationPlatforms) = postSolution
		{0174172E-AB38-4141-9603-8672F276B2DE}.Debug|Any CPU.ActiveCfg = Debug|Any CPU
		{0174172E-AB38-4141-9603-8672F276B2DE}.Debug|Any CPU.Build.0 = Debug|Any CPU
		{0174172E-AB38-4141-9603-8672F276B2DE}.Release|Any CPU.ActiveCfg = Release|Any CPU
		{0174172E-AB38-4141-9603-8672F276B2DE}.Release|Any CPU.Build.0 = Release|Any CPU
	EndGlobalSection
	GlobalSection(SolutionProperties) = preSolution
		HideSolutionNode = FALSE
	EndGlobalSection
EndGlobal
